# THIS IS AN AUTOGENERATED FILE. DO NOT EDIT THIS FILE DIRECTLY.
# yarn lockfile v1


"@types/mixpanel-browser@^2.35.4":
  version "2.35.4"
  resolved "https://registry.yarnpkg.com/@types/mixpanel-browser/-/mixpanel-browser-2.35.4.tgz#ea297c3dcfc15bd8f310c7104f4eb5c9ff7586ad"
  integrity sha512-Qfr9XChsDsqAo5FM9IGQffbelX1w0xonSTUcsW2SXQeOORgDDA4bSTNZstFPxTpU5FYj+nNjjqmII6bCPvod5A==

mixpanel-browser@^2.39.0:
  version "2.39.0"
  resolved "https://registry.yarnpkg.com/mixpanel-browser/-/mixpanel-browser-2.39.0.tgz#bf746e1ccf66fcd43a0c416b9ea8179e6945c98f"
  integrity sha512-/h/0ed8qI8OLnqUo7GMWJRnGhnhblgGXrotz7nL4t1vrrXmINK676OI8XO8W1aYZ8gUFDHRKMkQJJUF7cQXD3w==

vue@^2.6.12:
  version "2.6.12"
  resolved "https://registry.yarnpkg.com/vue/-/vue-2.6.12.tgz#f5ebd4fa6bd2869403e29a896aed4904456c9123"
  integrity sha512-uhmLFETqPPNyuLLbsKz6ioJ4q7AZHzD8ZVFNATNyICSZouqP2Sz0rotWQC8UNBF6VGSCs5abnKJoStA6JbCbfg==
